<?xml version="1.0" encoding="utf-8"?>
<Project ToolsVersion="4.0" xmlns="http://schemas.microsoft.com/developer/msbuild/2003">
  <ItemGroup>
    <ClCompile Include="..\source\PKB\ASTNode\AssignNode.cpp">
      <Filter>Source\ASTNode</Filter>
    </ClCompile>
    <ClCompile Include="..\source\PKB\DesignEntities\AssignTable.cpp">
      <Filter>Source\DesignEntity</Filter>
    </ClCompile>
    <ClCompile Include="..\source\PKB\ASTNode\ASTNode.cpp">
      <Filter>Source\ASTNode</Filter>
    </ClCompile>
    <ClCompile Include="..\source\PKB\ASTNode\ConditionNode.cpp">
      <Filter>Source\ASTNode</Filter>
    </ClCompile>
    <ClCompile Include="..\source\PKB\ASTNode\ConstantNode.cpp">
      <Filter>Source\ASTNode</Filter>
    </ClCompile>
    <ClCompile Include="..\source\PKB\DesignEntities\ConstantTable.cpp">
      <Filter>Source\DesignEntity</Filter>
    </ClCompile>
    <ClCompile Include="..\source\PKB\ASTNode\ExpressionNode.cpp">
      <Filter>Source\ASTNode</Filter>
    </ClCompile>
    <ClCompile Include="..\source\PKB\Relationships\FollowsTable.cpp">
      <Filter>Source\Relationship</Filter>
    </ClCompile>
    <ClCompile Include="..\source\PKB\ASTNode\IfNode.cpp">
      <Filter>Source\ASTNode</Filter>
    </ClCompile>
    <ClCompile Include="..\source\PKB\DesignEntities\IfTable.cpp">
      <Filter>Source\DesignEntity</Filter>
    </ClCompile>
    <ClCompile Include="..\source\PKB\Relationships\ParentTable.cpp">
      <Filter>Source\Relationship</Filter>
    </ClCompile>
    <ClCompile Include="..\source\PKB\ASTNode\PrintNode.cpp">
      <Filter>Source\ASTNode</Filter>
    </ClCompile>
    <ClCompile Include="..\source\PKB\ASTNode\ReadNode.cpp">
      <Filter>Source\ASTNode</Filter>
    </ClCompile>
    <ClCompile Include="..\source\PKB\ASTNode\ProcedureNode.cpp">
      <Filter>Source\ASTNode</Filter>
    </ClCompile>
    <ClCompile Include="..\source\PKB\ASTNode\ProgramNode.cpp">
      <Filter>Source\ASTNode</Filter>
    </ClCompile>
    <ClCompile Include="..\source\PKB\ASTNode\StatementNode.cpp">
      <Filter>Source\ASTNode</Filter>
    </ClCompile>
    <ClCompile Include="..\source\PKB\ASTNode\VariableNode.cpp">
      <Filter>Source\ASTNode</Filter>
    </ClCompile>
    <ClCompile Include="..\source\PKB\ASTNode\WhileNode.cpp">
      <Filter>Source\ASTNode</Filter>
    </ClCompile>
    <ClCompile Include="..\source\PKB\ASTNode\RelationNode.cpp">
      <Filter>Source\ASTNode</Filter>
    </ClCompile>
    <ClCompile Include="..\source\PKB\ASTNode\StatementListNode.cpp">
      <Filter>Source\ASTNode</Filter>
    </ClCompile>
    <ClCompile Include="..\source\PKB\DesignEntities\PrintTable.cpp">
      <Filter>Source\DesignEntity</Filter>
    </ClCompile>
    <ClCompile Include="..\source\PKB\DesignEntities\ProcedureTable.cpp">
      <Filter>Source\DesignEntity</Filter>
    </ClCompile>
    <ClCompile Include="..\source\PKB\DesignEntities\StatementListTable.cpp">
      <Filter>Source\DesignEntity</Filter>
    </ClCompile>
    <ClCompile Include="..\source\PKB\DesignEntities\ReadTable.cpp">
      <Filter>Source\DesignEntity</Filter>
    </ClCompile>
    <ClCompile Include="..\source\PKB\DesignEntities\StatementTable.cpp">
      <Filter>Source\DesignEntity</Filter>
    </ClCompile>
    <ClCompile Include="..\source\PKB\DesignEntities\VariableTable.cpp">
      <Filter>Source\DesignEntity</Filter>
    </ClCompile>
    <ClCompile Include="..\source\PKB\DesignEntities\WhileTable.cpp">
      <Filter>Source\DesignEntity</Filter>
    </ClCompile>
    <ClCompile Include="..\source\PKB\Relationships\ModifiesTable.cpp">
      <Filter>Source\Relationship</Filter>
    </ClCompile>
    <ClCompile Include="..\source\PKB\Relationships\UsesTable.cpp">
      <Filter>Source\Relationship</Filter>
    </ClCompile>
    <ClCompile Include="..\source\PKB\Relationships\CallsTable.cpp">
      <Filter>Source\Relationship</Filter>
    </ClCompile>
    <ClCompile Include="..\source\PKB\Relationships\NextTable.cpp">
      <Filter>Source\Relationship</Filter>
    </ClCompile>
    <ClCompile Include="..\source\PKB\ASTNode\CallNode.cpp">
      <Filter>Source\ASTNode</Filter>
    </ClCompile>
    <ClCompile Include="..\source\PKB\DesignEntities\CallTable.cpp">
      <Filter>Source\DesignEntity</Filter>
    </ClCompile>
    <ClCompile Include="..\source\PKB\Relationships\RelationshipTransitiveTable.cpp">
      <Filter>Source\Relationship</Filter>
    </ClCompile>
    <ClCompile Include="..\source\PKB\DesignEntities\DesignEntityTable.cpp">
      <Filter>Source\DesignEntity</Filter>
    </ClCompile>
    <ClCompile Include="..\source\PKB\Relationships\AffectsTable.cpp">
      <Filter>Source\Relationship</Filter>
    </ClCompile>
    <ClCompile Include="..\source\PKB\ASTNode\TryNode.cpp">
      <Filter>Source\ASTNode</Filter>
    </ClCompile>
    <ClCompile Include="..\source\PKB\DesignEntities\TryTable.cpp">
      <Filter>Source\DesignEntity</Filter>
    </ClCompile>
    <ClCompile Include="..\source\PKB\Relationships\StatementTypeTable.cpp">
      <Filter>Source\Relationship</Filter>
    </ClCompile>
    <ClCompile Include="..\source\PKB\PKB.cpp">
      <Filter>Source\PKB</Filter>
    </ClCompile>
    <ClCompile Include="..\source\PKB\PKBBuilder.cpp">
      <Filter>Source\PKB</Filter>
    </ClCompile>
    <ClCompile Include="..\source\QP\AttrRefManager.cpp">
      <Filter>Source\QP</Filter>
    </ClCompile>
    <ClCompile Include="..\source\QP\ClauseQueue.cpp">
      <Filter>Source\QP</Filter>
    </ClCompile>
    <ClCompile Include="..\source\QP\Pattern.cpp">
      <Filter>Source\QP</Filter>
    </ClCompile>
    <ClCompile Include="..\source\QP\QueryEvaluator.cpp">
      <Filter>Source\QP</Filter>
    </ClCompile>
    <ClCompile Include="..\source\QP\QueryNode.cpp">
      <Filter>Source\QP</Filter>
    </ClCompile>
    <ClCompile Include="..\source\QP\QueryNodeContent.cpp">
      <Filter>Source\QP</Filter>
    </ClCompile>
    <ClCompile Include="..\source\QP\QueryPreProcessor.cpp">
      <Filter>Source\QP</Filter>
    </ClCompile>
    <ClCompile Include="..\source\QP\QueryProcessor.cpp">
      <Filter>Source\QP</Filter>
    </ClCompile>
    <ClCompile Include="..\source\QP\QueryValidator.cpp">
      <Filter>Source\QP</Filter>
    </ClCompile>
    <ClCompile Include="..\source\QP\Relationship.cpp">
      <Filter>Source\QP</Filter>
    </ClCompile>
    <ClCompile Include="..\source\QP\ResultList.cpp">
      <Filter>Source\QP</Filter>
    </ClCompile>
    <ClCompile Include="..\source\QP\ResultListManager.cpp">
      <Filter>Source\QP</Filter>
    </ClCompile>
    <ClCompile Include="..\source\QP\WithClause.cpp">
      <Filter>Source\QP</Filter>
    </ClCompile>
    <ClCompile Include="..\source\Parser\Parser.cpp">
      <Filter>Source\Parser</Filter>
    </ClCompile>
    <ClCompile Include="..\source\Parser\ParserPrintTree.cpp">
      <Filter>Source\Parser</Filter>
    </ClCompile>
  </ItemGroup>
  <ItemGroup>
    <ClInclude Include="..\source\PKB\ASTNode\AssignNode.h">
      <Filter>Header\ASTNode</Filter>
    </ClInclude>
    <ClInclude Include="..\source\PKB\DesignEntities\AssignTable.h">
      <Filter>Header\DesignEntity</Filter>
    </ClInclude>
    <ClInclude Include="..\source\PKB\ASTNode\ASTNode.h">
      <Filter>Header\ASTNode</Filter>
    </ClInclude>
    <ClInclude Include="..\source\PKB\ASTNode\ConditionNode.h">
      <Filter>Header\ASTNode</Filter>
    </ClInclude>
    <ClInclude Include="..\source\PKB\ASTNode\ConditionTypeEnum.h">
      <Filter>Header\ASTNode</Filter>
    </ClInclude>
    <ClInclude Include="..\source\PKB\ASTNode\ConstantNode.h">
      <Filter>Header\ASTNode</Filter>
    </ClInclude>
    <ClInclude Include="..\source\PKB\DesignEntities\ConstantTable.h">
      <Filter>Header\DesignEntity</Filter>
    </ClInclude>
    <ClInclude Include="..\source\PKB\ASTNode\ExpressionNode.h">
      <Filter>Header\ASTNode</Filter>
    </ClInclude>
    <ClInclude Include="..\source\PKB\ASTNode\ExpressionTypeEnum.h">
      <Filter>Header\ASTNode</Filter>
    </ClInclude>
    <ClInclude Include="..\source\PKB\Relationships\FollowsTable.h">
      <Filter>Header\Relationship</Filter>
    </ClInclude>
    <ClInclude Include="..\source\PKB\ASTNode\IfNode.h">
      <Filter>Header\ASTNode</Filter>
    </ClInclude>
    <ClInclude Include="..\source\PKB\DesignEntities\IfTable.h">
      <Filter>Header\DesignEntity</Filter>
    </ClInclude>
    <ClInclude Include="..\source\PKB\ASTNode\NodeTypeEnum.h">
      <Filter>Header\ASTNode</Filter>
    </ClInclude>
    <ClInclude Include="..\source\PKB\Relationships\ParentTable.h">
      <Filter>Header\Relationship</Filter>
    </ClInclude>
    <ClInclude Include="..\source\PKB\ASTNode\PrintNode.h">
      <Filter>Header\ASTNode</Filter>
    </ClInclude>
    <ClInclude Include="..\source\PKB\ASTNode\ProcedureNode.h">
      <Filter>Header\ASTNode</Filter>
    </ClInclude>
    <ClInclude Include="..\source\PKB\ASTNode\ProgramNode.h">
      <Filter>Header\ASTNode</Filter>
    </ClInclude>
    <ClInclude Include="..\source\PKB\ASTNode\ReadNode.h">
      <Filter>Header\ASTNode</Filter>
    </ClInclude>
    <ClInclude Include="..\source\PKB\ASTNode\RelationNode.h">
      <Filter>Header\ASTNode</Filter>
    </ClInclude>
    <ClInclude Include="..\source\PKB\ASTNode\StatementListNode.h">
      <Filter>Header\ASTNode</Filter>
    </ClInclude>
    <ClInclude Include="..\source\PKB\ASTNode\StatementNode.h">
      <Filter>Header\ASTNode</Filter>
    </ClInclude>
    <ClInclude Include="..\source\PKB\ASTNode\VariableNode.h">
      <Filter>Header\ASTNode</Filter>
    </ClInclude>
    <ClInclude Include="..\source\PKB\ASTNode\WhileNode.h">
      <Filter>Header\ASTNode</Filter>
    </ClInclude>
    <ClInclude Include="..\source\PKB\DesignEntities\PrintTable.h">
      <Filter>Header\DesignEntity</Filter>
    </ClInclude>
    <ClInclude Include="..\source\PKB\DesignEntities\ProcedureTable.h">
      <Filter>Header\DesignEntity</Filter>
    </ClInclude>
    <ClInclude Include="..\source\PKB\DesignEntities\ReadTable.h">
      <Filter>Header\DesignEntity</Filter>
    </ClInclude>
    <ClInclude Include="..\source\PKB\DesignEntities\StatementListTable.h">
      <Filter>Header\DesignEntity</Filter>
    </ClInclude>
    <ClInclude Include="..\source\PKB\DesignEntities\StatementTable.h">
      <Filter>Header\DesignEntity</Filter>
    </ClInclude>
    <ClInclude Include="..\source\PKB\DesignEntities\VariableTable.h">
      <Filter>Header\DesignEntity</Filter>
    </ClInclude>
    <ClInclude Include="..\source\PKB\DesignEntities\WhileTable.h">
      <Filter>Header\DesignEntity</Filter>
    </ClInclude>
    <ClInclude Include="..\source\PKB\Relationships\ModifiesTable.h">
      <Filter>Header\Relationship</Filter>
    </ClInclude>
    <ClInclude Include="..\source\PKB\Relationships\UsesTable.h">
      <Filter>Header\Relationship</Filter>
    </ClInclude>
    <ClInclude Include="..\source\PKB\Relationships\CallsTable.h">
      <Filter>Header\Relationship</Filter>
    </ClInclude>
    <ClInclude Include="..\source\PKB\Relationships\NextTable.h">
      <Filter>Header\Relationship</Filter>
    </ClInclude>
    <ClInclude Include="..\source\PKB\ASTNode\CallNode.h">
      <Filter>Header\ASTNode</Filter>
    </ClInclude>
    <ClInclude Include="..\source\PKB\DesignEntities\CallTable.h">
      <Filter>Header\DesignEntity</Filter>
    </ClInclude>
    <ClInclude Include="..\source\PKB\Relationships\RelationshipTransitiveTable.h">
      <Filter>Header\Relationship</Filter>
    </ClInclude>
    <ClInclude Include="..\source\PKB\DesignEntities\DesignEntityTable.h">
      <Filter>Header\DesignEntity</Filter>
    </ClInclude>
    <ClInclude Include="..\source\PKB\ASTNode\RelationTypeEnum.h">
      <Filter>Header\ASTNode</Filter>
    </ClInclude>
    <ClInclude Include="..\source\PKB\Relationships\AffectsTable.h">
      <Filter>Header\Relationship</Filter>
    </ClInclude>
    <ClInclude Include="..\source\PKB\ASTNode\TryNode.h">
      <Filter>Header\ASTNode</Filter>
    </ClInclude>
    <ClInclude Include="..\source\PKB\DesignEntities\TryTable.h">
      <Filter>Header\DesignEntity</Filter>
    </ClInclude>
    <ClInclude Include="..\source\PKB\Relationships\StatementTypeTable.h">
      <Filter>Header\Relationship</Filter>
    </ClInclude>
    <ClInclude Include="..\source\PKB\Relationships\StatementTypeEnum.h">
      <Filter>Header\Relationship</Filter>
    </ClInclude>
    <ClInclude Include="..\source\PKB\Hashing.h">
      <Filter>Header\PKB</Filter>
    </ClInclude>
    <ClInclude Include="..\source\PKB\PKB.h">
      <Filter>Header\PKB</Filter>
    </ClInclude>
    <ClInclude Include="..\source\PKB\PKBBuilder.h">
      <Filter>Header\PKB</Filter>
    </ClInclude>
    <ClInclude Include="..\source\AbstractDataTypes.h">
      <Filter>Header</Filter>
    </ClInclude>
    <ClInclude Include="..\source\QP\AttributeType.h">
      <Filter>Header\QP</Filter>
    </ClInclude>
    <ClInclude Include="..\source\QP\AttrRefManager.h">
      <Filter>Header\QP</Filter>
    </ClInclude>
    <ClInclude Include="..\source\QP\Pattern.h">
      <Filter>Header\QP</Filter>
    </ClInclude>
    <ClInclude Include="..\source\QP\QueryEvaluator.h">
      <Filter>Header\QP</Filter>
    </ClInclude>
    <ClInclude Include="..\source\QP\WithClause.h">
      <Filter>Header\QP</Filter>
    </ClInclude>
    <ClInclude Include="..\source\QP\ResultList.h">
      <Filter>Header\QP</Filter>
    </ClInclude>
    <ClInclude Include="..\source\QP\ResultListManager.h">
      <Filter>Header\QP</Filter>
    </ClInclude>
    <ClInclude Include="..\source\QP\Relationship.h">
      <Filter>Header\QP</Filter>
    </ClInclude>
    <ClInclude Include="..\source\QP\QueryValidator.h">
      <Filter>Header\QP</Filter>
    </ClInclude>
    <ClInclude Include="..\source\QP\QuerySynonymType.h">
      <Filter>Header\QP</Filter>
    </ClInclude>
    <ClInclude Include="..\source\QP\QueryProcessor.h">
      <Filter>Header\QP</Filter>
    </ClInclude>
    <ClInclude Include="..\source\QP\QueryPreProcessor.h">
      <Filter>Header\QP</Filter>
    </ClInclude>
    <ClInclude Include="..\source\QP\QueryNodeType.h">
      <Filter>Header\QP</Filter>
    </ClInclude>
    <ClInclude Include="..\source\QP\QueryNodeContent.h">
      <Filter>Header\QP</Filter>
    </ClInclude>
    <ClInclude Include="..\source\QP\QueryNode.h">
      <Filter>Header\QP</Filter>
    </ClInclude>
    <ClInclude Include="..\source\QP\QueryEvaluatorReturnType.h">
      <Filter>Header\QP</Filter>
    </ClInclude>
    <ClInclude Include="..\source\QP\ClauseQueue.h">
      <Filter>Header\QP</Filter>
    </ClInclude>
    <ClInclude Include="..\source\Parser\Parser.h">
      <Filter>Header\Parser</Filter>
    </ClInclude>
    <ClInclude Include="..\source\Parser\ParserPrintTree.h">
      <Filter>Header\Parser</Filter>
    </ClInclude>
  </ItemGroup>
  <ItemGroup>
    <None Include="ClassDiagram.cd" />
  </ItemGroup>
  <ItemGroup>
    <Filter Include="Header">
      <UniqueIdentifier>{bd5c2441-f42e-4ddc-a072-fec4be426e5e}</UniqueIdentifier>
    </Filter>
    <Filter Include="Header\ASTNode">
      <UniqueIdentifier>{6397e0a9-bc3d-48f6-be3b-2093e692c7e2}</UniqueIdentifier>
    </Filter>
    <Filter Include="Header\Relationship">
      <UniqueIdentifier>{018b0172-778d-4c05-a3be-f1b99b8b3246}</UniqueIdentifier>
    </Filter>
    <Filter Include="Header\DesignEntity">
      <UniqueIdentifier>{8ca6a5ec-9513-4eaf-aae5-a8d83bae7988}</UniqueIdentifier>
    </Filter>
    <Filter Include="Source">
      <UniqueIdentifier>{11b38b39-cc97-4a22-8254-901153aea584}</UniqueIdentifier>
    </Filter>
    <Filter Include="Source\ASTNode">
      <UniqueIdentifier>{898fbde7-7d93-40aa-b327-e6663cca54e8}</UniqueIdentifier>
    </Filter>
    <Filter Include="Source\Relationship">
      <UniqueIdentifier>{2d672646-8175-45f1-8686-6fb1656b604a}</UniqueIdentifier>
    </Filter>
    <Filter Include="Source\DesignEntity">
      <UniqueIdentifier>{3078786e-0c57-4506-9331-cdd1579c1163}</UniqueIdentifier>
    </Filter>
    <Filter Include="Header\PKB">
      <UniqueIdentifier>{9a60f144-8eb3-4d4e-a193-44764b9b3e6a}</UniqueIdentifier>
    </Filter>
    <Filter Include="Header\Parser">
      <UniqueIdentifier>{befdde12-2173-4b0d-a11e-ef002bdacfd9}</UniqueIdentifier>
    </Filter>
    <Filter Include="Header\QP">
      <UniqueIdentifier>{ab046819-d9a4-4ae4-8b6b-48904bbb1387}</UniqueIdentifier>
    </Filter>
    <Filter Include="Source\QP">
      <UniqueIdentifier>{c41a6c6b-d2d1-41b5-a4a0-31688929f460}</UniqueIdentifier>
    </Filter>
    <Filter Include="Source\PKB">
      <UniqueIdentifier>{16a0555c-8653-4826-be5a-e7b041f794af}</UniqueIdentifier>
    </Filter>
    <Filter Include="Source\Parser">
      <UniqueIdentifier>{430792d8-d5ba-4dd0-a3f1-4ad2cf440ee5}</UniqueIdentifier>
    </Filter>
  </ItemGroup>
</Project>